// !$*UTF8*$!
{
	archiveVersion = 1;
	classes = {
	};
	objectVersion = 50;
	objects = {

/* Begin PBXBuildFile section */
		855DE95B23F6A765001E8DA1 /* NetworkService.swift in Sources */ = {isa = PBXBuildFile; fileRef = 855DE95A23F6A765001E8DA1 /* NetworkService.swift */; };
		855DE95D23F6AA42001E8DA1 /* DataStore.swift in Sources */ = {isa = PBXBuildFile; fileRef = 855DE95C23F6AA42001E8DA1 /* DataStore.swift */; };
		855DE95F23F71364001E8DA1 /* CountryModel.swift in Sources */ = {isa = PBXBuildFile; fileRef = 855DE95E23F71364001E8DA1 /* CountryModel.swift */; };
		855DE96123F714BC001E8DA1 /* NetworkDataFetcher.swift in Sources */ = {isa = PBXBuildFile; fileRef = 855DE96023F714BC001E8DA1 /* NetworkDataFetcher.swift */; };
		855DE96523F81249001E8DA1 /* AppGroup.swift in Sources */ = {isa = PBXBuildFile; fileRef = 855DE96423F81249001E8DA1 /* AppGroup.swift */; };
		855DE96723F84B14001E8DA1 /* DataFetcherService.swift in Sources */ = {isa = PBXBuildFile; fileRef = 855DE96623F84B14001E8DA1 /* DataFetcherService.swift */; };
		856D645B23DE0AF7001EBBB9 /* AppDelegate.swift in Sources */ = {isa = PBXBuildFile; fileRef = 856D645A23DE0AF7001EBBB9 /* AppDelegate.swift */; };
		856D645D23DE0AF7001EBBB9 /* SceneDelegate.swift in Sources */ = {isa = PBXBuildFile; fileRef = 856D645C23DE0AF7001EBBB9 /* SceneDelegate.swift */; };
		856D645F23DE0AF7001EBBB9 /* ViewController.swift in Sources */ = {isa = PBXBuildFile; fileRef = 856D645E23DE0AF7001EBBB9 /* ViewController.swift */; };
		856D646223DE0AF7001EBBB9 /* Main.storyboard in Resources */ = {isa = PBXBuildFile; fileRef = 856D646023DE0AF7001EBBB9 /* Main.storyboard */; };
		856D646523DE0AF7001EBBB9 /* SOLID_principles.xcdatamodeld in Sources */ = {isa = PBXBuildFile; fileRef = 856D646323DE0AF7001EBBB9 /* SOLID_principles.xcdatamodeld */; };
		856D646723DE0AF9001EBBB9 /* Assets.xcassets in Resources */ = {isa = PBXBuildFile; fileRef = 856D646623DE0AF9001EBBB9 /* Assets.xcassets */; };
		856D646A23DE0AF9001EBBB9 /* LaunchScreen.storyboard in Resources */ = {isa = PBXBuildFile; fileRef = 856D646823DE0AF9001EBBB9 /* LaunchScreen.storyboard */; };
/* End PBXBuildFile section */

/* Begin PBXFileReference section */
		855DE95A23F6A765001E8DA1 /* NetworkService.swift */ = {isa = PBXFileReference; lastKnownFileType = sourcecode.swift; path = NetworkService.swift; sourceTree = "<group>"; };
		855DE95C23F6AA42001E8DA1 /* DataStore.swift */ = {isa = PBXFileReference; lastKnownFileType = sourcecode.swift; path = DataStore.swift; sourceTree = "<group>"; };
		855DE95E23F71364001E8DA1 /* CountryModel.swift */ = {isa = PBXFileReference; lastKnownFileType = sourcecode.swift; path = CountryModel.swift; sourceTree = "<group>"; };
		855DE96023F714BC001E8DA1 /* NetworkDataFetcher.swift */ = {isa = PBXFileReference; lastKnownFileType = sourcecode.swift; path = NetworkDataFetcher.swift; sourceTree = "<group>"; };
		855DE96423F81249001E8DA1 /* AppGroup.swift */ = {isa = PBXFileReference; lastKnownFileType = sourcecode.swift; path = AppGroup.swift; sourceTree = "<group>"; };
		855DE96623F84B14001E8DA1 /* DataFetcherService.swift */ = {isa = PBXFileReference; lastKnownFileType = sourcecode.swift; path = DataFetcherService.swift; sourceTree = "<group>"; };
		856D645723DE0AF7001EBBB9 /* SOLID principles.app */ = {isa = PBXFileReference; explicitFileType = wrapper.application; includeInIndex = 0; path = "SOLID principles.app"; sourceTree = BUILT_PRODUCTS_DIR; };
		856D645A23DE0AF7001EBBB9 /* AppDelegate.swift */ = {isa = PBXFileReference; lastKnownFileType = sourcecode.swift; path = AppDelegate.swift; sourceTree = "<group>"; };
		856D645C23DE0AF7001EBBB9 /* SceneDelegate.swift */ = {isa = PBXFileReference; lastKnownFileType = sourcecode.swift; path = SceneDelegate.swift; sourceTree = "<group>"; };
		856D645E23DE0AF7001EBBB9 /* ViewController.swift */ = {isa = PBXFileReference; lastKnownFileType = sourcecode.swift; path = ViewController.swift; sourceTree = "<group>"; };
		856D646123DE0AF7001EBBB9 /* Base */ = {isa = PBXFileReference; lastKnownFileType = file.storyboard; name = Base; path = Base.lproj/Main.storyboard; sourceTree = "<group>"; };
		856D646423DE0AF7001EBBB9 /* SOLID_principles.xcdatamodel */ = {isa = PBXFileReference; lastKnownFileType = wrapper.xcdatamodel; path = SOLID_principles.xcdatamodel; sourceTree = "<group>"; };
		856D646623DE0AF9001EBBB9 /* Assets.xcassets */ = {isa = PBXFileReference; lastKnownFileType = folder.assetcatalog; path = Assets.xcassets; sourceTree = "<group>"; };
		856D646923DE0AF9001EBBB9 /* Base */ = {isa = PBXFileReference; lastKnownFileType = file.storyboard; name = Base; path = Base.lproj/LaunchScreen.storyboard; sourceTree = "<group>"; };
		856D646B23DE0AF9001EBBB9 /* Info.plist */ = {isa = PBXFileReference; lastKnownFileType = text.plist.xml; path = Info.plist; sourceTree = "<group>"; };
/* End PBXFileReference section */

/* Begin PBXFrameworksBuildPhase section */
		856D645423DE0AF7001EBBB9 /* Frameworks */ = {
			isa = PBXFrameworksBuildPhase;
			buildActionMask = 2147483647;
			files = (
			);
			runOnlyForDeploymentPostprocessing = 0;
		};
/* End PBXFrameworksBuildPhase section */

/* Begin PBXGroup section */
		855DE96223F71CEF001E8DA1 /* Services */ = {
			isa = PBXGroup;
			children = (
				855DE96323F71D07001E8DA1 /* Model */,
				855DE95A23F6A765001E8DA1 /* NetworkService.swift */,
				855DE96023F714BC001E8DA1 /* NetworkDataFetcher.swift */,
				855DE96623F84B14001E8DA1 /* DataFetcherService.swift */,
				855DE95C23F6AA42001E8DA1 /* DataStore.swift */,
			);
			path = Services;
			sourceTree = "<group>";
		};
		855DE96323F71D07001E8DA1 /* Model */ = {
			isa = PBXGroup;
			children = (
				855DE95E23F71364001E8DA1 /* CountryModel.swift */,
				855DE96423F81249001E8DA1 /* AppGroup.swift */,
			);
			path = Model;
			sourceTree = "<group>";
		};
		856D644E23DE0AF7001EBBB9 = {
			isa = PBXGroup;
			children = (
				856D645923DE0AF7001EBBB9 /* SOLID principles */,
				856D645823DE0AF7001EBBB9 /* Products */,
			);
			sourceTree = "<group>";
		};
		856D645823DE0AF7001EBBB9 /* Products */ = {
			isa = PBXGroup;
			children = (
				856D645723DE0AF7001EBBB9 /* SOLID principles.app */,
			);
			name = Products;
			sourceTree = "<group>";
		};
		856D645923DE0AF7001EBBB9 /* SOLID principles */ = {
			isa = PBXGroup;
			children = (
				856D645A23DE0AF7001EBBB9 /* AppDelegate.swift */,
				856D645C23DE0AF7001EBBB9 /* SceneDelegate.swift */,
				855DE96223F71CEF001E8DA1 /* Services */,
				856D645E23DE0AF7001EBBB9 /* ViewController.swift */,
				856D646023DE0AF7001EBBB9 /* Main.storyboard */,
				856D646623DE0AF9001EBBB9 /* Assets.xcassets */,
				856D646823DE0AF9001EBBB9 /* LaunchScreen.storyboard */,
				856D646B23DE0AF9001EBBB9 /* Info.plist */,
				856D646323DE0AF7001EBBB9 /* SOLID_principles.xcdatamodeld */,
			);
			path = "SOLID principles";
			sourceTree = "<group>";
		};
/* End PBXGroup section */

/* Begin PBXNativeTarget section */
		856D645623DE0AF7001EBBB9 /* SOLID principles */ = {
			isa = PBXNativeTarget;
			buildConfigurationList = 856D646E23DE0AF9001EBBB9 /* Build configuration list for PBXNativeTarget "SOLID principles" */;
			buildPhases = (
				856D645323DE0AF7001EBBB9 /* Sources */,
				856D645423DE0AF7001EBBB9 /* Frameworks */,
				856D645523DE0AF7001EBBB9 /* Resources */,
			);
			buildRules = (
			);
			dependencies = (
			);
			name = "SOLID principles";
			productName = "SOLID principles";
			productReference = 856D645723DE0AF7001EBBB9 /* SOLID principles.app */;
			productType = "com.apple.product-type.application";
		};
/* End PBXNativeTarget section */

/* Begin PBXProject section */
		856D644F23DE0AF7001EBBB9 /* Project object */ = {
			isa = PBXProject;
			attributes = {
				LastSwiftUpdateCheck = 1130;
				LastUpgradeCheck = 1130;
				ORGANIZATIONNAME = "Vokh Stag";
				TargetAttributes = {
					856D645623DE0AF7001EBBB9 = {
						CreatedOnToolsVersion = 11.3;
					};
				};
			};
			buildConfigurationList = 856D645223DE0AF7001EBBB9 /* Build configuration list for PBXProject "SOLID principles" */;
			compatibilityVersion = "Xcode 9.3";
			developmentRegion = en;
			hasScannedForEncodings = 0;
			knownRegions = (
				en,
				Base,
			);
			mainGroup = 856D644E23DE0AF7001EBBB9;
			productRefGroup = 856D645823DE0AF7001EBBB9 /* Products */;
			projectDirPath = "";
			projectRoot = "";
			targets = (
				856D645623DE0AF7001EBBB9 /* SOLID principles */,
			);
		};
/* End PBXProject section */

/* Begin PBXResourcesBuildPhase section */
		856D645523DE0AF7001EBBB9 /* Resources */ = {
			isa = PBXResourcesBuildPhase;
			buildActionMask = 2147483647;
			files = (
				856D646A23DE0AF9001EBBB9 /* LaunchScreen.storyboard in Resources */,
				856D646723DE0AF9001EBBB9 /* Assets.xcassets in Resources */,
				856D646223DE0AF7001EBBB9 /* Main.storyboard in Resources */,
			);
			runOnlyForDeploymentPostprocessing = 0;
		};
/* End PBXResourcesBuildPhase section */

/* Begin PBXSourcesBuildPhase section */
		856D645323DE0AF7001EBBB9 /* Sources */ = {
			isa = PBXSourcesBuildPhase;
			buildActionMask = 2147483647;
			files = (
				855DE96123F714BC001E8DA1 /* NetworkDataFetcher.swift in Sources */,
				855DE95F23F71364001E8DA1 /* CountryModel.swift in Sources */,
				855DE95B23F6A765001E8DA1 /* NetworkService.swift in Sources */,
				855DE95D23F6AA42001E8DA1 /* DataStore.swift in Sources */,
				855DE96523F81249001E8DA1 /* AppGroup.swift in Sources */,
				855DE96723F84B14001E8DA1 /* DataFetcherService.swift in Sources */,
				856D646523DE0AF7001EBBB9 /* SOLID_principles.xcdatamodeld in Sources */,
				856D645F23DE0AF7001EBBB9 /* ViewController.swift in Sources */,
				856D645B23DE0AF7001EBBB9 /* AppDelegate.swift in Sources */,
				856D645D23DE0AF7001EBBB9 /* SceneDelegate.swift in Sources */,
			);
			runOnlyForDeploymentPostprocessing = 0;
		};
/* End PBXSourcesBuildPhase section */

/* Begin PBXVariantGroup section */
		856D646023DE0AF7001EBBB9 /* Main.storyboard */ = {
			isa = PBXVariantGroup;
			children = (
				856D646123DE0AF7001EBBB9 /* Base */,
			);
			name = Main.storyboard;
			sourceTree = "<group>";
		};
		856D646823DE0AF9001EBBB9 /* LaunchScreen.storyboard */ = {
			isa = PBXVariantGroup;
			children = (
				856D646923DE0AF9001EBBB9 /* Base */,
			);
			name = LaunchScreen.storyboard;
			sourceTree = "<group>";
		};
/* End PBXVariantGroup section */

/* Begin XCBuildConfiguration section */
		856D646C23DE0AF9001EBBB9 /* Debug */ = {
			isa = XCBuildConfiguration;
			buildSettings = {
				ALWAYS_SEARCH_USER_PATHS = NO;
				CLANG_ANALYZER_NONNULL = YES;
				CLANG_ANALYZER_NUMBER_OBJECT_CONVERSION = YES_AGGRESSIVE;
				CLANG_CXX_LANGUAGE_STANDARD = "gnu++14";
				CLANG_CXX_LIBRARY = "libc++";
				CLANG_ENABLE_MODULES = YES;
				CLANG_ENABLE_OBJC_ARC = YES;
				CLANG_ENABLE_OBJC_WEAK = YES;
				CLANG_WARN_BLOCK_CAPTURE_AUTORELEASING = YES;
				CLANG_WARN_BOOL_CONVERSION = YES;
				CLANG_WARN_COMMA = YES;
				CLANG_WARN_CONSTANT_CONVERSION = YES;
				CLANG_WARN_DEPRECATED_OBJC_IMPLEMENTATIONS = YES;
				CLANG_WARN_DIRECT_OBJC_ISA_USAGE = YES_ERROR;
				CLANG_WARN_DOCUMENTATION_COMMENTS = YES;
				CLANG_WARN_EMPTY_BODY = YES;
				CLANG_WARN_ENUM_CONVERSION = YES;
				CLANG_WARN_INFINITE_RECURSION = YES;
				CLANG_WARN_INT_CONVERSION = YES;
				CLANG_WARN_NON_LITERAL_NULL_CONVERSION = YES;
				CLANG_WARN_OBJC_IMPLICIT_RETAIN_SELF = YES;
				CLANG_WARN_OBJC_LITERAL_CONVERSION = YES;
				CLANG_WARN_OBJC_ROOT_CLASS = YES_ERROR;
				CLANG_WARN_RANGE_LOOP_ANALYSIS = YES;
				CLANG_WARN_STRICT_PROTOTYPES = YES;
				CLANG_WARN_SUSPICIOUS_MOVE = YES;
				CLANG_WARN_UNGUARDED_AVAILABILITY = YES_AGGRESSIVE;
				CLANG_WARN_UNREACHABLE_CODE = YES;
				CLANG_WARN__DUPLICATE_METHOD_MATCH = YES;
				COPY_PHASE_STRIP = NO;
				DEBUG_INFORMATION_FORMAT = dwarf;
				ENABLE_STRICT_OBJC_MSGSEND = YES;
				ENABLE_TESTABILITY = YES;
				GCC_C_LANGUAGE_STANDARD = gnu11;
				GCC_DYNAMIC_NO_PIC = NO;
				GCC_NO_COMMON_BLOCKS = YES;
				GCC_OPTIMIZATION_LEVEL = 0;
				GCC_PREPROCESSOR_DEFINITIONS = (
					"DEBUG=1",
					"$(inherited)",
				);
				GCC_WARN_64_TO_32_BIT_CONVERSION = YES;
				GCC_WARN_ABOUT_RETURN_TYPE = YES_ERROR;
				GCC_WARN_UNDECLARED_SELECTOR = YES;
				GCC_WARN_UNINITIALIZED_AUTOS = YES_AGGRESSIVE;
				GCC_WARN_UNUSED_FUNCTION = YES;
				GCC_WARN_UNUSED_VARIABLE = YES;
				IPHONEOS_DEPLOYMENT_TARGET = 13.2;
				MTL_ENABLE_DEBUG_INFO = INCLUDE_SOURCE;
				MTL_FAST_MATH = YES;
				ONLY_ACTIVE_ARCH = YES;
				SDKROOT = iphoneos;
				SWIFT_ACTIVE_COMPILATION_CONDITIONS = DEBUG;
				SWIFT_OPTIMIZATION_LEVEL = "-Onone";
			};
			name = Debug;
		};
		856D646D23DE0AF9001EBBB9 /* Release */ = {
			isa = XCBuildConfiguration;
			buildSettings = {
				ALWAYS_SEARCH_USER_PATHS = NO;
				CLANG_ANALYZER_NONNULL = YES;
				CLANG_ANALYZER_NUMBER_OBJECT_CONVERSION = YES_AGGRESSIVE;
				CLANG_CXX_LANGUAGE_STANDARD = "gnu++14";
				CLANG_CXX_LIBRARY = "libc++";
				CLANG_ENABLE_MODULES = YES;
				CLANG_ENABLE_OBJC_ARC = YES;
				CLANG_ENABLE_OBJC_WEAK = YES;
				CLANG_WARN_BLOCK_CAPTURE_AUTORELEASING = YES;
				CLANG_WARN_BOOL_CONVERSION = YES;
				CLANG_WARN_COMMA = YES;
				CLANG_WARN_CONSTANT_CONVERSION = YES;
				CLANG_WARN_DEPRECATED_OBJC_IMPLEMENTATIONS = YES;
				CLANG_WARN_DIRECT_OBJC_ISA_USAGE = YES_ERROR;
				CLANG_WARN_DOCUMENTATION_COMMENTS = YES;
				CLANG_WARN_EMPTY_BODY = YES;
				CLANG_WARN_ENUM_CONVERSION = YES;
				CLANG_WARN_INFINITE_RECURSION = YES;
				CLANG_WARN_INT_CONVERSION = YES;
				CLANG_WARN_NON_LITERAL_NULL_CONVERSION = YES;
				CLANG_WARN_OBJC_IMPLICIT_RETAIN_SELF = YES;
				CLANG_WARN_OBJC_LITERAL_CONVERSION = YES;
				CLANG_WARN_OBJC_ROOT_CLASS = YES_ERROR;
				CLANG_WARN_RANGE_LOOP_ANALYSIS = YES;
				CLANG_WARN_STRICT_PROTOTYPES = YES;
				CLANG_WARN_SUSPICIOUS_MOVE = YES;
				CLANG_WARN_UNGUARDED_AVAILABILITY = YES_AGGRESSIVE;
				CLANG_WARN_UNREACHABLE_CODE = YES;
				CLANG_WARN__DUPLICATE_METHOD_MATCH = YES;
				COPY_PHASE_STRIP = NO;
				DEBUG_INFORMATION_FORMAT = "dwarf-with-dsym";
				ENABLE_NS_ASSERTIONS = NO;
				ENABLE_STRICT_OBJC_MSGSEND = YES;
				GCC_C_LANGUAGE_STANDARD = gnu11;
				GCC_NO_COMMON_BLOCKS = YES;
				GCC_WARN_64_TO_32_BIT_CONVERSION = YES;
				GCC_WARN_ABOUT_RETURN_TYPE = YES_ERROR;
				GCC_WARN_UNDECLARED_SELECTOR = YES;
				GCC_WARN_UNINITIALIZED_AUTOS = YES_AGGRESSIVE;
				GCC_WARN_UNUSED_FUNCTION = YES;
				GCC_WARN_UNUSED_VARIABLE = YES;
				IPHONEOS_DEPLOYMENT_TARGET = 13.2;
				MTL_ENABLE_DEBUG_INFO = NO;
				MTL_FAST_MATH = YES;
				SDKROOT = iphoneos;
				SWIFT_COMPILATION_MODE = wholemodule;
				SWIFT_OPTIMIZATION_LEVEL = "-O";
				VALIDATE_PRODUCT = YES;
			};
			name = Release;
		};
		856D646F23DE0AF9001EBBB9 /* Debug */ = {
			isa = XCBuildConfiguration;
			buildSettings = {
				ASSETCATALOG_COMPILER_APPICON_NAME = AppIcon;
				CODE_SIGN_STYLE = Automatic;
				DEVELOPMENT_TEAM = 35UW68W5U6;
				INFOPLIST_FILE = "SOLID principles/Info.plist";
				LD_RUNPATH_SEARCH_PATHS = (
					"$(inherited)",
					"@executable_path/Frameworks",
				);
				PRODUCT_BUNDLE_IDENTIFIER = "com.VokhStag.SOLID-principles";
				PRODUCT_NAME = "$(TARGET_NAME)";
				SWIFT_VERSION = 5.0;
				TARGETED_DEVICE_FAMILY = "1,2";
			};
			name = Debug;
		};
		856D647023DE0AF9001EBBB9 /* Release */ = {
			isa = XCBuildConfiguration;
			buildSettings = {
				ASSETCATALOG_COMPILER_APPICON_NAME = AppIcon;
				CODE_SIGN_STYLE = Automatic;
				DEVELOPMENT_TEAM = 35UW68W5U6;
				INFOPLIST_FILE = "SOLID principles/Info.plist";
				LD_RUNPATH_SEARCH_PATHS = (
					"$(inherited)",
					"@executable_path/Frameworks",
				);
				PRODUCT_BUNDLE_IDENTIFIER = "com.VokhStag.SOLID-principles";
				PRODUCT_NAME = "$(TARGET_NAME)";
				SWIFT_VERSION = 5.0;
				TARGETED_DEVICE_FAMILY = "1,2";
			};
			name = Release;
		};
/* End XCBuildConfiguration section */

/* Begin XCConfigurationList section */
		856D645223DE0AF7001EBBB9 /* Build configuration list for PBXProject "SOLID principles" */ = {
			isa = XCConfigurationList;
			buildConfigurations = (
				856D646C23DE0AF9001EBBB9 /* Debug */,
				856D646D23DE0AF9001EBBB9 /* Release */,
			);
			defaultConfigurationIsVisible = 0;
			defaultConfigurationName = Release;
		};
		856D646E23DE0AF9001EBBB9 /* Build configuration list for PBXNativeTarget "SOLID principles" */ = {
			isa = XCConfigurationList;
			buildConfigurations = (
				856D646F23DE0AF9001EBBB9 /* Debug */,
				856D647023DE0AF9001EBBB9 /* Release */,
			);
			defaultConfigurationIsVisible = 0;
			defaultConfigurationName = Release;
		};
/* End XCConfigurationList section */

/* Begin XCVersionGroup section */
		856D646323DE0AF7001EBBB9 /* SOLID_principles.xcdatamodeld */ = {
			isa = XCVersionGroup;
			children = (
				856D646423DE0AF7001EBBB9 /* SOLID_principles.xcdatamodel */,
			);
			currentVersion = 856D646423DE0AF7001EBBB9 /* SOLID_principles.xcdatamodel */;
			path = SOLID_principles.xcdatamodeld;
			sourceTree = "<group>";
			versionGroupType = wrapper.xcdatamodel;
		};
/* End XCVersionGroup section */
	};
	rootObject = 856D644F23DE0AF7001EBBB9 /* Project object */;
}
